// !$*UTF8*$!
{
	archiveVersion = 1;
	classes = {
	};
	objectVersion = 51;
	objects = {

/* Begin PBXBuildFile section */
		DF0791B425AC3AC0005AE966 /* TableViewCells.swift in Sources */ = {isa = PBXBuildFile; fileRef = DF0791B325AC3AC0005AE966 /* TableViewCells.swift */; };
		DF56602C25AF381D00A1DCA0 /* OrderHistoryVC.swift in Sources */ = {isa = PBXBuildFile; fileRef = DF56602525AF381D00A1DCA0 /* OrderHistoryVC.swift */; };
		DF56602D25AF381D00A1DCA0 /* OTPVerificationVC.swift in Sources */ = {isa = PBXBuildFile; fileRef = DF56602625AF381D00A1DCA0 /* OTPVerificationVC.swift */; };
		DF56602E25AF381D00A1DCA0 /* WebVC.swift in Sources */ = {isa = PBXBuildFile; fileRef = DF56602725AF381D00A1DCA0 /* WebVC.swift */; };
		DF56602F25AF381D00A1DCA0 /* SuperViewController.swift in Sources */ = {isa = PBXBuildFile; fileRef = DF56602825AF381D00A1DCA0 /* SuperViewController.swift */; };
		DF56603025AF381D00A1DCA0 /* SignUpVC.swift in Sources */ = {isa = PBXBuildFile; fileRef = DF56602925AF381D00A1DCA0 /* SignUpVC.swift */; };
		DF56603125AF381D00A1DCA0 /* SupportVC.swift in Sources */ = {isa = PBXBuildFile; fileRef = DF56602A25AF381D00A1DCA0 /* SupportVC.swift */; };
		DF56603225AF381D00A1DCA0 /* PhoneVerificationVC.swift in Sources */ = {isa = PBXBuildFile; fileRef = DF56602B25AF381D00A1DCA0 /* PhoneVerificationVC.swift */; };
		DF5E6D1425B8C6600055AC5F /* ProductListVC.swift in Sources */ = {isa = PBXBuildFile; fileRef = DF5E6D1325B8C6600055AC5F /* ProductListVC.swift */; };
		DFB1377725A6F758006408CF /* TabBarVC.swift in Sources */ = {isa = PBXBuildFile; fileRef = DFB1377625A6F758006408CF /* TabBarVC.swift */; };
		DFB1377B25A6F7C6006408CF /* SettingsVC.swift in Sources */ = {isa = PBXBuildFile; fileRef = DFB1377A25A6F7C6006408CF /* SettingsVC.swift */; };
		DFB734A525B607DB0085E1EC /* CartVC.swift in Sources */ = {isa = PBXBuildFile; fileRef = DFB734A425B607DB0085E1EC /* CartVC.swift */; };
		DFB734A825B6A4820085E1EC /* VariationPopupVC.swift in Sources */ = {isa = PBXBuildFile; fileRef = DFB734A725B6A4820085E1EC /* VariationPopupVC.swift */; };
		DFD07E7625AC2A1D000B8273 /* CollectionViewCells.swift in Sources */ = {isa = PBXBuildFile; fileRef = DFD07E7525AC2A1D000B8273 /* CollectionViewCells.swift */; };
		DFD83B3325A6DF220096FCBC /* AppDelegate.swift in Sources */ = {isa = PBXBuildFile; fileRef = DFD83B3225A6DF220096FCBC /* AppDelegate.swift */; };
		DFD83B3525A6DF220096FCBC /* SceneDelegate.swift in Sources */ = {isa = PBXBuildFile; fileRef = DFD83B3425A6DF220096FCBC /* SceneDelegate.swift */; };
		DFD83B3725A6DF220096FCBC /* HomeVC.swift in Sources */ = {isa = PBXBuildFile; fileRef = DFD83B3625A6DF220096FCBC /* HomeVC.swift */; };
		DFD83B3A25A6DF220096FCBC /* Main.storyboard in Resources */ = {isa = PBXBuildFile; fileRef = DFD83B3825A6DF220096FCBC /* Main.storyboard */; };
		DFD83B3C25A6DF240096FCBC /* Assets.xcassets in Resources */ = {isa = PBXBuildFile; fileRef = DFD83B3B25A6DF240096FCBC /* Assets.xcassets */; };
		DFD83B3F25A6DF240096FCBC /* LaunchScreen.storyboard in Resources */ = {isa = PBXBuildFile; fileRef = DFD83B3D25A6DF240096FCBC /* LaunchScreen.storyboard */; };
		DFD83B4D25A6E1770096FCBC /* ApiManager.swift in Sources */ = {isa = PBXBuildFile; fileRef = DFD83B4A25A6E1770096FCBC /* ApiManager.swift */; };
		DFD83B4E25A6E1770096FCBC /* Reachability.swift in Sources */ = {isa = PBXBuildFile; fileRef = DFD83B4B25A6E1770096FCBC /* Reachability.swift */; };
		DFD83B4F25A6E1770096FCBC /* Parser.swift in Sources */ = {isa = PBXBuildFile; fileRef = DFD83B4C25A6E1770096FCBC /* Parser.swift */; };
		DFD83B5A25A6E1F40096FCBC /* Constants.swift in Sources */ = {isa = PBXBuildFile; fileRef = DFD83B5225A6E1F40096FCBC /* Constants.swift */; };
		DFD83B5B25A6E1F40096FCBC /* Utilities.swift in Sources */ = {isa = PBXBuildFile; fileRef = DFD83B5325A6E1F40096FCBC /* Utilities.swift */; };
		DFD83B5C25A6E1F40096FCBC /* Enums.swift in Sources */ = {isa = PBXBuildFile; fileRef = DFD83B5425A6E1F40096FCBC /* Enums.swift */; };
		DFD83B5D25A6E1F40096FCBC /* Extensions.swift in Sources */ = {isa = PBXBuildFile; fileRef = DFD83B5525A6E1F40096FCBC /* Extensions.swift */; };
		DFD83B5E25A6E1F40096FCBC /* Structs.swift in Sources */ = {isa = PBXBuildFile; fileRef = DFD83B5625A6E1F40096FCBC /* Structs.swift */; };
		DFD83B5F25A6E1F40096FCBC /* Protocols.swift in Sources */ = {isa = PBXBuildFile; fileRef = DFD83B5725A6E1F40096FCBC /* Protocols.swift */; };
		DFD83B6025A6E1F40096FCBC /* DatePickerDialog.swift in Sources */ = {isa = PBXBuildFile; fileRef = DFD83B5825A6E1F40096FCBC /* DatePickerDialog.swift */; };
		DFD83B6125A6E1F40096FCBC /* CustomElements.swift in Sources */ = {isa = PBXBuildFile; fileRef = DFD83B5925A6E1F40096FCBC /* CustomElements.swift */; };
		F0F857C21ACA9E5D0DCB1687 /* Pods_ColdmanFresh.framework in Frameworks */ = {isa = PBXBuildFile; fileRef = 744775290AA13BA4DDC98B8B /* Pods_ColdmanFresh.framework */; };
/* End PBXBuildFile section */

/* Begin PBXFileReference section */
		744775290AA13BA4DDC98B8B /* Pods_ColdmanFresh.framework */ = {isa = PBXFileReference; explicitFileType = wrapper.framework; includeInIndex = 0; path = Pods_ColdmanFresh.framework; sourceTree = BUILT_PRODUCTS_DIR; };
		927874A4D225F1F93B31C262 /* Pods-ColdmanFresh.release.xcconfig */ = {isa = PBXFileReference; includeInIndex = 1; lastKnownFileType = text.xcconfig; name = "Pods-ColdmanFresh.release.xcconfig"; path = "Target Support Files/Pods-ColdmanFresh/Pods-ColdmanFresh.release.xcconfig"; sourceTree = "<group>"; };
		DF0791B325AC3AC0005AE966 /* TableViewCells.swift */ = {isa = PBXFileReference; lastKnownFileType = sourcecode.swift; path = TableViewCells.swift; sourceTree = "<group>"; };
		DF56602525AF381D00A1DCA0 /* OrderHistoryVC.swift */ = {isa = PBXFileReference; fileEncoding = 4; lastKnownFileType = sourcecode.swift; path = OrderHistoryVC.swift; sourceTree = "<group>"; };
		DF56602625AF381D00A1DCA0 /* OTPVerificationVC.swift */ = {isa = PBXFileReference; fileEncoding = 4; lastKnownFileType = sourcecode.swift; path = OTPVerificationVC.swift; sourceTree = "<group>"; };
		DF56602725AF381D00A1DCA0 /* WebVC.swift */ = {isa = PBXFileReference; fileEncoding = 4; lastKnownFileType = sourcecode.swift; path = WebVC.swift; sourceTree = "<group>"; };
		DF56602825AF381D00A1DCA0 /* SuperViewController.swift */ = {isa = PBXFileReference; fileEncoding = 4; lastKnownFileType = sourcecode.swift; path = SuperViewController.swift; sourceTree = "<group>"; };
		DF56602925AF381D00A1DCA0 /* SignUpVC.swift */ = {isa = PBXFileReference; fileEncoding = 4; lastKnownFileType = sourcecode.swift; path = SignUpVC.swift; sourceTree = "<group>"; };
		DF56602A25AF381D00A1DCA0 /* SupportVC.swift */ = {isa = PBXFileReference; fileEncoding = 4; lastKnownFileType = sourcecode.swift; path = SupportVC.swift; sourceTree = "<group>"; };
		DF56602B25AF381D00A1DCA0 /* PhoneVerificationVC.swift */ = {isa = PBXFileReference; fileEncoding = 4; lastKnownFileType = sourcecode.swift; path = PhoneVerificationVC.swift; sourceTree = "<group>"; };
		DF5E6D1325B8C6600055AC5F /* ProductListVC.swift */ = {isa = PBXFileReference; lastKnownFileType = sourcecode.swift; path = ProductListVC.swift; sourceTree = "<group>"; };
		DFB1377625A6F758006408CF /* TabBarVC.swift */ = {isa = PBXFileReference; lastKnownFileType = sourcecode.swift; path = TabBarVC.swift; sourceTree = "<group>"; };
		DFB1377A25A6F7C6006408CF /* SettingsVC.swift */ = {isa = PBXFileReference; lastKnownFileType = sourcecode.swift; path = SettingsVC.swift; sourceTree = "<group>"; };
		DFB734A425B607DB0085E1EC /* CartVC.swift */ = {isa = PBXFileReference; fileEncoding = 4; lastKnownFileType = sourcecode.swift; path = CartVC.swift; sourceTree = "<group>"; };
		DFB734A725B6A4820085E1EC /* VariationPopupVC.swift */ = {isa = PBXFileReference; lastKnownFileType = sourcecode.swift; path = VariationPopupVC.swift; sourceTree = "<group>"; };
		DFD07E7525AC2A1D000B8273 /* CollectionViewCells.swift */ = {isa = PBXFileReference; lastKnownFileType = sourcecode.swift; path = CollectionViewCells.swift; sourceTree = "<group>"; };
		DFD83B2F25A6DF220096FCBC /* ColdmanFresh.app */ = {isa = PBXFileReference; explicitFileType = wrapper.application; includeInIndex = 0; path = ColdmanFresh.app; sourceTree = BUILT_PRODUCTS_DIR; };
		DFD83B3225A6DF220096FCBC /* AppDelegate.swift */ = {isa = PBXFileReference; lastKnownFileType = sourcecode.swift; path = AppDelegate.swift; sourceTree = "<group>"; };
		DFD83B3425A6DF220096FCBC /* SceneDelegate.swift */ = {isa = PBXFileReference; lastKnownFileType = sourcecode.swift; path = SceneDelegate.swift; sourceTree = "<group>"; };
		DFD83B3625A6DF220096FCBC /* HomeVC.swift */ = {isa = PBXFileReference; lastKnownFileType = sourcecode.swift; path = HomeVC.swift; sourceTree = "<group>"; };
		DFD83B3925A6DF220096FCBC /* Base */ = {isa = PBXFileReference; lastKnownFileType = file.storyboard; name = Base; path = Base.lproj/Main.storyboard; sourceTree = "<group>"; };
		DFD83B3B25A6DF240096FCBC /* Assets.xcassets */ = {isa = PBXFileReference; lastKnownFileType = folder.assetcatalog; path = Assets.xcassets; sourceTree = "<group>"; };
		DFD83B3E25A6DF240096FCBC /* Base */ = {isa = PBXFileReference; lastKnownFileType = file.storyboard; name = Base; path = Base.lproj/LaunchScreen.storyboard; sourceTree = "<group>"; };
		DFD83B4025A6DF240096FCBC /* Info.plist */ = {isa = PBXFileReference; lastKnownFileType = text.plist.xml; path = Info.plist; sourceTree = "<group>"; };
		DFD83B4A25A6E1770096FCBC /* ApiManager.swift */ = {isa = PBXFileReference; fileEncoding = 4; lastKnownFileType = sourcecode.swift; path = ApiManager.swift; sourceTree = "<group>"; };
		DFD83B4B25A6E1770096FCBC /* Reachability.swift */ = {isa = PBXFileReference; fileEncoding = 4; lastKnownFileType = sourcecode.swift; path = Reachability.swift; sourceTree = "<group>"; };
		DFD83B4C25A6E1770096FCBC /* Parser.swift */ = {isa = PBXFileReference; fileEncoding = 4; lastKnownFileType = sourcecode.swift; path = Parser.swift; sourceTree = "<group>"; };
		DFD83B5225A6E1F40096FCBC /* Constants.swift */ = {isa = PBXFileReference; fileEncoding = 4; lastKnownFileType = sourcecode.swift; path = Constants.swift; sourceTree = "<group>"; };
		DFD83B5325A6E1F40096FCBC /* Utilities.swift */ = {isa = PBXFileReference; fileEncoding = 4; lastKnownFileType = sourcecode.swift; path = Utilities.swift; sourceTree = "<group>"; };
		DFD83B5425A6E1F40096FCBC /* Enums.swift */ = {isa = PBXFileReference; fileEncoding = 4; lastKnownFileType = sourcecode.swift; path = Enums.swift; sourceTree = "<group>"; };
		DFD83B5525A6E1F40096FCBC /* Extensions.swift */ = {isa = PBXFileReference; fileEncoding = 4; lastKnownFileType = sourcecode.swift; path = Extensions.swift; sourceTree = "<group>"; };
		DFD83B5625A6E1F40096FCBC /* Structs.swift */ = {isa = PBXFileReference; fileEncoding = 4; lastKnownFileType = sourcecode.swift; path = Structs.swift; sourceTree = "<group>"; };
		DFD83B5725A6E1F40096FCBC /* Protocols.swift */ = {isa = PBXFileReference; fileEncoding = 4; lastKnownFileType = sourcecode.swift; path = Protocols.swift; sourceTree = "<group>"; };
		DFD83B5825A6E1F40096FCBC /* DatePickerDialog.swift */ = {isa = PBXFileReference; fileEncoding = 4; lastKnownFileType = sourcecode.swift; path = DatePickerDialog.swift; sourceTree = "<group>"; };
		DFD83B5925A6E1F40096FCBC /* CustomElements.swift */ = {isa = PBXFileReference; fileEncoding = 4; lastKnownFileType = sourcecode.swift; path = CustomElements.swift; sourceTree = "<group>"; };
		F5F1DB3C33A65DCE6D3C3751 /* Pods-ColdmanFresh.debug.xcconfig */ = {isa = PBXFileReference; includeInIndex = 1; lastKnownFileType = text.xcconfig; name = "Pods-ColdmanFresh.debug.xcconfig"; path = "Target Support Files/Pods-ColdmanFresh/Pods-ColdmanFresh.debug.xcconfig"; sourceTree = "<group>"; };
/* End PBXFileReference section */

/* Begin PBXFrameworksBuildPhase section */
		DFD83B2C25A6DF220096FCBC /* Frameworks */ = {
			isa = PBXFrameworksBuildPhase;
			buildActionMask = 2147483647;
			files = (
				F0F857C21ACA9E5D0DCB1687 /* Pods_ColdmanFresh.framework in Frameworks */,
			);
			runOnlyForDeploymentPostprocessing = 0;
		};
/* End PBXFrameworksBuildPhase section */

/* Begin PBXGroup section */
		8965626CED325C3D2B05E8EC /* Pods */ = {
			isa = PBXGroup;
			children = (
				F5F1DB3C33A65DCE6D3C3751 /* Pods-ColdmanFresh.debug.xcconfig */,
				927874A4D225F1F93B31C262 /* Pods-ColdmanFresh.release.xcconfig */,
			);
			path = Pods;
			sourceTree = "<group>";
		};
		93DD990A8B396FA89B297A97 /* Frameworks */ = {
			isa = PBXGroup;
			children = (
				744775290AA13BA4DDC98B8B /* Pods_ColdmanFresh.framework */,
			);
			name = Frameworks;
			sourceTree = "<group>";
		};
		DFB1377425A6F6DC006408CF /* ViewControllers */ = {
			isa = PBXGroup;
			children = (
				DF56602825AF381D00A1DCA0 /* SuperViewController.swift */,
				DFB1377625A6F758006408CF /* TabBarVC.swift */,
				DFD83B3625A6DF220096FCBC /* HomeVC.swift */,
				DF5E6D1325B8C6600055AC5F /* ProductListVC.swift */,
				DFB1377A25A6F7C6006408CF /* SettingsVC.swift */,
				DFB734A725B6A4820085E1EC /* VariationPopupVC.swift */,
				DFB734A425B607DB0085E1EC /* CartVC.swift */,
				DF56602525AF381D00A1DCA0 /* OrderHistoryVC.swift */,
				DF56602625AF381D00A1DCA0 /* OTPVerificationVC.swift */,
				DF56602B25AF381D00A1DCA0 /* PhoneVerificationVC.swift */,
				DF56602925AF381D00A1DCA0 /* SignUpVC.swift */,
				DF56602A25AF381D00A1DCA0 /* SupportVC.swift */,
				DF56602725AF381D00A1DCA0 /* WebVC.swift */,
			);
			path = ViewControllers;
			sourceTree = "<group>";
		};
		DFD83B2625A6DF220096FCBC = {
			isa = PBXGroup;
			children = (
				DFD83B3125A6DF220096FCBC /* ColdmanFresh */,
				DFD83B3025A6DF220096FCBC /* Products */,
				8965626CED325C3D2B05E8EC /* Pods */,
				93DD990A8B396FA89B297A97 /* Frameworks */,
			);
			sourceTree = "<group>";
		};
		DFD83B3025A6DF220096FCBC /* Products */ = {
			isa = PBXGroup;
			children = (
				DFD83B2F25A6DF220096FCBC /* ColdmanFresh.app */,
			);
			name = Products;
			sourceTree = "<group>";
		};
		DFD83B3125A6DF220096FCBC /* ColdmanFresh */ = {
			isa = PBXGroup;
			children = (
				DFD83B3225A6DF220096FCBC /* AppDelegate.swift */,
				DFD83B3425A6DF220096FCBC /* SceneDelegate.swift */,
				DFD07E7525AC2A1D000B8273 /* CollectionViewCells.swift */,
				DF0791B325AC3AC0005AE966 /* TableViewCells.swift */,
				DFB1377425A6F6DC006408CF /* ViewControllers */,
				DFD83B4925A6E1770096FCBC /* Managers */,
				DFD83B5125A6E1F40096FCBC /* Utils */,
				DFD83B3825A6DF220096FCBC /* Main.storyboard */,
				DFD83B3B25A6DF240096FCBC /* Assets.xcassets */,
				DFD83B3D25A6DF240096FCBC /* LaunchScreen.storyboard */,
				DFD83B4025A6DF240096FCBC /* Info.plist */,
			);
			path = ColdmanFresh;
			sourceTree = "<group>";
		};
		DFD83B4925A6E1770096FCBC /* Managers */ = {
			isa = PBXGroup;
			children = (
				DFD83B4A25A6E1770096FCBC /* ApiManager.swift */,
				DFD83B4B25A6E1770096FCBC /* Reachability.swift */,
				DFD83B4C25A6E1770096FCBC /* Parser.swift */,
			);
			path = Managers;
			sourceTree = "<group>";
		};
		DFD83B5125A6E1F40096FCBC /* Utils */ = {
			isa = PBXGroup;
			children = (
				DFD83B5225A6E1F40096FCBC /* Constants.swift */,
				DFD83B5325A6E1F40096FCBC /* Utilities.swift */,
				DFD83B5425A6E1F40096FCBC /* Enums.swift */,
				DFD83B5525A6E1F40096FCBC /* Extensions.swift */,
				DFD83B5625A6E1F40096FCBC /* Structs.swift */,
				DFD83B5725A6E1F40096FCBC /* Protocols.swift */,
				DFD83B5825A6E1F40096FCBC /* DatePickerDialog.swift */,
				DFD83B5925A6E1F40096FCBC /* CustomElements.swift */,
			);
			path = Utils;
			sourceTree = "<group>";
		};
/* End PBXGroup section */

/* Begin PBXNativeTarget section */
		DFD83B2E25A6DF220096FCBC /* ColdmanFresh */ = {
			isa = PBXNativeTarget;
			buildConfigurationList = DFD83B4325A6DF240096FCBC /* Build configuration list for PBXNativeTarget "ColdmanFresh" */;
			buildPhases = (
				E7625762BC89770141C866C5 /* [CP] Check Pods Manifest.lock */,
				DFD83B2B25A6DF220096FCBC /* Sources */,
				DFD83B2C25A6DF220096FCBC /* Frameworks */,
				DFD83B2D25A6DF220096FCBC /* Resources */,
				89001F283E667C7DF6CE42E0 /* [CP] Embed Pods Frameworks */,
			);
			buildRules = (
			);
			dependencies = (
			);
			name = ColdmanFresh;
			productName = ColdmanFresh;
			productReference = DFD83B2F25A6DF220096FCBC /* ColdmanFresh.app */;
			productType = "com.apple.product-type.application";
		};
/* End PBXNativeTarget section */

/* Begin PBXProject section */
		DFD83B2725A6DF220096FCBC /* Project object */ = {
			isa = PBXProject;
			attributes = {
				LastSwiftUpdateCheck = 1200;
				LastUpgradeCheck = 1200;
				TargetAttributes = {
					DFD83B2E25A6DF220096FCBC = {
						CreatedOnToolsVersion = 12.0.1;
					};
				};
			};
			buildConfigurationList = DFD83B2A25A6DF220096FCBC /* Build configuration list for PBXProject "ColdmanFresh" */;
			compatibilityVersion = "Xcode 9.3";
			developmentRegion = en;
			hasScannedForEncodings = 0;
			knownRegions = (
				en,
				Base,
			);
			mainGroup = DFD83B2625A6DF220096FCBC;
			productRefGroup = DFD83B3025A6DF220096FCBC /* Products */;
			projectDirPath = "";
			projectRoot = "";
			targets = (
				DFD83B2E25A6DF220096FCBC /* ColdmanFresh */,
			);
		};
/* End PBXProject section */

/* Begin PBXResourcesBuildPhase section */
		DFD83B2D25A6DF220096FCBC /* Resources */ = {
			isa = PBXResourcesBuildPhase;
			buildActionMask = 2147483647;
			files = (
				DFD83B3F25A6DF240096FCBC /* LaunchScreen.storyboard in Resources */,
				DFD83B3C25A6DF240096FCBC /* Assets.xcassets in Resources */,
				DFD83B3A25A6DF220096FCBC /* Main.storyboard in Resources */,
			);
			runOnlyForDeploymentPostprocessing = 0;
		};
/* End PBXResourcesBuildPhase section */

/* Begin PBXShellScriptBuildPhase section */
		89001F283E667C7DF6CE42E0 /* [CP] Embed Pods Frameworks */ = {
			isa = PBXShellScriptBuildPhase;
			buildActionMask = 2147483647;
			files = (
			);
			inputFileListPaths = (
				"${PODS_ROOT}/Target Support Files/Pods-ColdmanFresh/Pods-ColdmanFresh-frameworks-${CONFIGURATION}-input-files.xcfilelist",
			);
			name = "[CP] Embed Pods Frameworks";
			outputFileListPaths = (
				"${PODS_ROOT}/Target Support Files/Pods-ColdmanFresh/Pods-ColdmanFresh-frameworks-${CONFIGURATION}-output-files.xcfilelist",
			);
			runOnlyForDeploymentPostprocessing = 0;
			shellPath = /bin/sh;
			shellScript = "\"${PODS_ROOT}/Target Support Files/Pods-ColdmanFresh/Pods-ColdmanFresh-frameworks.sh\"\n";
			showEnvVarsInLog = 0;
		};
		E7625762BC89770141C866C5 /* [CP] Check Pods Manifest.lock */ = {
			isa = PBXShellScriptBuildPhase;
			buildActionMask = 2147483647;
			files = (
			);
			inputFileListPaths = (
			);
			inputPaths = (
				"${PODS_PODFILE_DIR_PATH}/Podfile.lock",
				"${PODS_ROOT}/Manifest.lock",
			);
			name = "[CP] Check Pods Manifest.lock";
			outputFileListPaths = (
			);
			outputPaths = (
				"$(DERIVED_FILE_DIR)/Pods-ColdmanFresh-checkManifestLockResult.txt",
			);
			runOnlyForDeploymentPostprocessing = 0;
			shellPath = /bin/sh;
			shellScript = "diff \"${PODS_PODFILE_DIR_PATH}/Podfile.lock\" \"${PODS_ROOT}/Manifest.lock\" > /dev/null\nif [ $? != 0 ] ; then\n    # print error to STDERR\n    echo \"error: The sandbox is not in sync with the Podfile.lock. Run 'pod install' or update your CocoaPods installation.\" >&2\n    exit 1\nfi\n# This output is used by Xcode 'outputs' to avoid re-running this script phase.\necho \"SUCCESS\" > \"${SCRIPT_OUTPUT_FILE_0}\"\n";
			showEnvVarsInLog = 0;
		};
/* End PBXShellScriptBuildPhase section */

/* Begin PBXSourcesBuildPhase section */
		DFD83B2B25A6DF220096FCBC /* Sources */ = {
			isa = PBXSourcesBuildPhase;
			buildActionMask = 2147483647;
			files = (
				DFD83B4D25A6E1770096FCBC /* ApiManager.swift in Sources */,
				DF56602D25AF381D00A1DCA0 /* OTPVerificationVC.swift in Sources */,
				DFD83B3725A6DF220096FCBC /* HomeVC.swift in Sources */,
				DFD83B4F25A6E1770096FCBC /* Parser.swift in Sources */,
				DF5E6D1425B8C6600055AC5F /* ProductListVC.swift in Sources */,
				DFB734A525B607DB0085E1EC /* CartVC.swift in Sources */,
				DFD83B5F25A6E1F40096FCBC /* Protocols.swift in Sources */,
				DF56603225AF381D00A1DCA0 /* PhoneVerificationVC.swift in Sources */,
				DFB1377B25A6F7C6006408CF /* SettingsVC.swift in Sources */,
				DFD83B5E25A6E1F40096FCBC /* Structs.swift in Sources */,
				DFD83B3325A6DF220096FCBC /* AppDelegate.swift in Sources */,
				DF56603125AF381D00A1DCA0 /* SupportVC.swift in Sources */,
				DF0791B425AC3AC0005AE966 /* TableViewCells.swift in Sources */,
				DFD07E7625AC2A1D000B8273 /* CollectionViewCells.swift in Sources */,
				DFD83B5A25A6E1F40096FCBC /* Constants.swift in Sources */,
				DFB1377725A6F758006408CF /* TabBarVC.swift in Sources */,
				DFD83B6125A6E1F40096FCBC /* CustomElements.swift in Sources */,
				DF56603025AF381D00A1DCA0 /* SignUpVC.swift in Sources */,
				DFD83B5D25A6E1F40096FCBC /* Extensions.swift in Sources */,
				DFD83B6025A6E1F40096FCBC /* DatePickerDialog.swift in Sources */,
				DF56602E25AF381D00A1DCA0 /* WebVC.swift in Sources */,
				DFD83B4E25A6E1770096FCBC /* Reachability.swift in Sources */,
				DF56602C25AF381D00A1DCA0 /* OrderHistoryVC.swift in Sources */,
				DFB734A825B6A4820085E1EC /* VariationPopupVC.swift in Sources */,
				DF56602F25AF381D00A1DCA0 /* SuperViewController.swift in Sources */,
				DFD83B5B25A6E1F40096FCBC /* Utilities.swift in Sources */,
				DFD83B5C25A6E1F40096FCBC /* Enums.swift in Sources */,
				DFD83B3525A6DF220096FCBC /* SceneDelegate.swift in Sources */,
			);
			runOnlyForDeploymentPostprocessing = 0;
		};
/* End PBXSourcesBuildPhase section */

/* Begin PBXVariantGroup section */
		DFD83B3825A6DF220096FCBC /* Main.storyboard */ = {
			isa = PBXVariantGroup;
			children = (
				DFD83B3925A6DF220096FCBC /* Base */,
			);
			name = Main.storyboard;
			sourceTree = "<group>";
		};
		DFD83B3D25A6DF240096FCBC /* LaunchScreen.storyboard */ = {
			isa = PBXVariantGroup;
			children = (
				DFD83B3E25A6DF240096FCBC /* Base */,
			);
			name = LaunchScreen.storyboard;
			sourceTree = "<group>";
		};
/* End PBXVariantGroup section */

/* Begin XCBuildConfiguration section */
		DFD83B4125A6DF240096FCBC /* Debug */ = {
			isa = XCBuildConfiguration;
			buildSettings = {
				ALWAYS_SEARCH_USER_PATHS = NO;
				CLANG_ANALYZER_NONNULL = YES;
				CLANG_ANALYZER_NUMBER_OBJECT_CONVERSION = YES_AGGRESSIVE;
				CLANG_CXX_LANGUAGE_STANDARD = "gnu++14";
				CLANG_CXX_LIBRARY = "libc++";
				CLANG_ENABLE_MODULES = YES;
				CLANG_ENABLE_OBJC_ARC = YES;
				CLANG_ENABLE_OBJC_WEAK = YES;
				CLANG_WARN_BLOCK_CAPTURE_AUTORELEASING = YES;
				CLANG_WARN_BOOL_CONVERSION = YES;
				CLANG_WARN_COMMA = YES;
				CLANG_WARN_CONSTANT_CONVERSION = YES;
				CLANG_WARN_DEPRECATED_OBJC_IMPLEMENTATIONS = YES;
				CLANG_WARN_DIRECT_OBJC_ISA_USAGE = YES_ERROR;
				CLANG_WARN_DOCUMENTATION_COMMENTS = YES;
				CLANG_WARN_EMPTY_BODY = YES;
				CLANG_WARN_ENUM_CONVERSION = YES;
				CLANG_WARN_INFINITE_RECURSION = YES;
				CLANG_WARN_INT_CONVERSION = YES;
				CLANG_WARN_NON_LITERAL_NULL_CONVERSION = YES;
				CLANG_WARN_OBJC_IMPLICIT_RETAIN_SELF = YES;
				CLANG_WARN_OBJC_LITERAL_CONVERSION = YES;
				CLANG_WARN_OBJC_ROOT_CLASS = YES_ERROR;
				CLANG_WARN_QUOTED_INCLUDE_IN_FRAMEWORK_HEADER = YES;
				CLANG_WARN_RANGE_LOOP_ANALYSIS = YES;
				CLANG_WARN_STRICT_PROTOTYPES = YES;
				CLANG_WARN_SUSPICIOUS_MOVE = YES;
				CLANG_WARN_UNGUARDED_AVAILABILITY = YES_AGGRESSIVE;
				CLANG_WARN_UNREACHABLE_CODE = YES;
				CLANG_WARN__DUPLICATE_METHOD_MATCH = YES;
				COPY_PHASE_STRIP = NO;
				DEBUG_INFORMATION_FORMAT = dwarf;
				ENABLE_STRICT_OBJC_MSGSEND = YES;
				ENABLE_TESTABILITY = YES;
				GCC_C_LANGUAGE_STANDARD = gnu11;
				GCC_DYNAMIC_NO_PIC = NO;
				GCC_NO_COMMON_BLOCKS = YES;
				GCC_OPTIMIZATION_LEVEL = 0;
				GCC_PREPROCESSOR_DEFINITIONS = (
					"DEBUG=1",
					"$(inherited)",
				);
				GCC_WARN_64_TO_32_BIT_CONVERSION = YES;
				GCC_WARN_ABOUT_RETURN_TYPE = YES_ERROR;
				GCC_WARN_UNDECLARED_SELECTOR = YES;
				GCC_WARN_UNINITIALIZED_AUTOS = YES_AGGRESSIVE;
				GCC_WARN_UNUSED_FUNCTION = YES;
				GCC_WARN_UNUSED_VARIABLE = YES;
				IPHONEOS_DEPLOYMENT_TARGET = 14.0;
				MTL_ENABLE_DEBUG_INFO = INCLUDE_SOURCE;
				MTL_FAST_MATH = YES;
				ONLY_ACTIVE_ARCH = YES;
				SDKROOT = iphoneos;
				SWIFT_ACTIVE_COMPILATION_CONDITIONS = DEBUG;
				SWIFT_OPTIMIZATION_LEVEL = "-Onone";
			};
			name = Debug;
		};
		DFD83B4225A6DF240096FCBC /* Release */ = {
			isa = XCBuildConfiguration;
			buildSettings = {
				ALWAYS_SEARCH_USER_PATHS = NO;
				CLANG_ANALYZER_NONNULL = YES;
				CLANG_ANALYZER_NUMBER_OBJECT_CONVERSION = YES_AGGRESSIVE;
				CLANG_CXX_LANGUAGE_STANDARD = "gnu++14";
				CLANG_CXX_LIBRARY = "libc++";
				CLANG_ENABLE_MODULES = YES;
				CLANG_ENABLE_OBJC_ARC = YES;
				CLANG_ENABLE_OBJC_WEAK = YES;
				CLANG_WARN_BLOCK_CAPTURE_AUTORELEASING = YES;
				CLANG_WARN_BOOL_CONVERSION = YES;
				CLANG_WARN_COMMA = YES;
				CLANG_WARN_CONSTANT_CONVERSION = YES;
				CLANG_WARN_DEPRECATED_OBJC_IMPLEMENTATIONS = YES;
				CLANG_WARN_DIRECT_OBJC_ISA_USAGE = YES_ERROR;
				CLANG_WARN_DOCUMENTATION_COMMENTS = YES;
				CLANG_WARN_EMPTY_BODY = YES;
				CLANG_WARN_ENUM_CONVERSION = YES;
				CLANG_WARN_INFINITE_RECURSION = YES;
				CLANG_WARN_INT_CONVERSION = YES;
				CLANG_WARN_NON_LITERAL_NULL_CONVERSION = YES;
				CLANG_WARN_OBJC_IMPLICIT_RETAIN_SELF = YES;
				CLANG_WARN_OBJC_LITERAL_CONVERSION = YES;
				CLANG_WARN_OBJC_ROOT_CLASS = YES_ERROR;
				CLANG_WARN_QUOTED_INCLUDE_IN_FRAMEWORK_HEADER = YES;
				CLANG_WARN_RANGE_LOOP_ANALYSIS = YES;
				CLANG_WARN_STRICT_PROTOTYPES = YES;
				CLANG_WARN_SUSPICIOUS_MOVE = YES;
				CLANG_WARN_UNGUARDED_AVAILABILITY = YES_AGGRESSIVE;
				CLANG_WARN_UNREACHABLE_CODE = YES;
				CLANG_WARN__DUPLICATE_METHOD_MATCH = YES;
				COPY_PHASE_STRIP = NO;
				DEBUG_INFORMATION_FORMAT = "dwarf-with-dsym";
				ENABLE_NS_ASSERTIONS = NO;
				ENABLE_STRICT_OBJC_MSGSEND = YES;
				GCC_C_LANGUAGE_STANDARD = gnu11;
				GCC_NO_COMMON_BLOCKS = YES;
				GCC_WARN_64_TO_32_BIT_CONVERSION = YES;
				GCC_WARN_ABOUT_RETURN_TYPE = YES_ERROR;
				GCC_WARN_UNDECLARED_SELECTOR = YES;
				GCC_WARN_UNINITIALIZED_AUTOS = YES_AGGRESSIVE;
				GCC_WARN_UNUSED_FUNCTION = YES;
				GCC_WARN_UNUSED_VARIABLE = YES;
				IPHONEOS_DEPLOYMENT_TARGET = 14.0;
				MTL_ENABLE_DEBUG_INFO = NO;
				MTL_FAST_MATH = YES;
				SDKROOT = iphoneos;
				SWIFT_COMPILATION_MODE = wholemodule;
				SWIFT_OPTIMIZATION_LEVEL = "-O";
				VALIDATE_PRODUCT = YES;
			};
			name = Release;
		};
		DFD83B4425A6DF240096FCBC /* Debug */ = {
			isa = XCBuildConfiguration;
			baseConfigurationReference = F5F1DB3C33A65DCE6D3C3751 /* Pods-ColdmanFresh.debug.xcconfig */;
			buildSettings = {
				ASSETCATALOG_COMPILER_APPICON_NAME = AppIcon;
				ASSETCATALOG_COMPILER_GLOBAL_ACCENT_COLOR_NAME = AccentColor;
				CODE_SIGN_STYLE = Automatic;
				CURRENT_PROJECT_VERSION = 5;
				DEVELOPMENT_TEAM = 7TC6GNZWML;
				INFOPLIST_FILE = ColdmanFresh/Info.plist;
				IPHONEOS_DEPLOYMENT_TARGET = 11.0;
				LD_RUNPATH_SEARCH_PATHS = (
					"$(inherited)",
					"@executable_path/Frameworks",
				);
				PRODUCT_BUNDLE_IDENTIFIER = in.edigito.ColdmanFresh;
				PRODUCT_NAME = "$(TARGET_NAME)";
				SWIFT_VERSION = 5.0;
				TARGETED_DEVICE_FAMILY = 1;
			};
			name = Debug;
		};
		DFD83B4525A6DF240096FCBC /* Release */ = {
			isa = XCBuildConfiguration;
			baseConfigurationReference = 927874A4D225F1F93B31C262 /* Pods-ColdmanFresh.release.xcconfig */;
			buildSettings = {
				ASSETCATALOG_COMPILER_APPICON_NAME = AppIcon;
				ASSETCATALOG_COMPILER_GLOBAL_ACCENT_COLOR_NAME = AccentColor;
				CODE_SIGN_STYLE = Automatic;
				CURRENT_PROJECT_VERSION = 5;
				DEVELOPMENT_TEAM = 7TC6GNZWML;
				INFOPLIST_FILE = ColdmanFresh/Info.plist;
				IPHONEOS_DEPLOYMENT_TARGET = 11.0;
				LD_RUNPATH_SEARCH_PATHS = (
					"$(inherited)",
					"@executable_path/Frameworks",
				);
				PRODUCT_BUNDLE_IDENTIFIER = in.edigito.ColdmanFresh;
				PRODUCT_NAME = "$(TARGET_NAME)";
				SWIFT_VERSION = 5.0;
				TARGETED_DEVICE_FAMILY = 1;
			};
			name = Release;
		};
/* End XCBuildConfiguration section */

/* Begin XCConfigurationList section */
		DFD83B2A25A6DF220096FCBC /* Build configuration list for PBXProject "ColdmanFresh" */ = {
			isa = XCConfigurationList;
			buildConfigurations = (
				DFD83B4125A6DF240096FCBC /* Debug */,
				DFD83B4225A6DF240096FCBC /* Release */,
			);
			defaultConfigurationIsVisible = 0;
			defaultConfigurationName = Release;
		};
		DFD83B4325A6DF240096FCBC /* Build configuration list for PBXNativeTarget "ColdmanFresh" */ = {
			isa = XCConfigurationList;
			buildConfigurations = (
				DFD83B4425A6DF240096FCBC /* Debug */,
				DFD83B4525A6DF240096FCBC /* Release */,
			);
			defaultConfigurationIsVisible = 0;
			defaultConfigurationName = Release;
		};
/* End XCConfigurationList section */
	};
	rootObject = DFD83B2725A6DF220096FCBC /* Project object */;
}
